
Microsoft Visual Studio Solution File, Format Version 12.00
# Visual Studio Version 16
VisualStudioVersion = 16.0.31424.327
MinimumVisualStudioVersion = 10.0.40219.1
Project("{FAE04EC0-301F-11D3-BF4B-00C04F79EFBC}") = "Test2", "Test2\Test2.csproj", "{D622E092-0B61-4505-A4B7-FAB9DAA1DF78}"
EndProject
Global
	GlobalSection(SolutionConfigurationPlatforms) = preSolution
		Debug|Any CPU = Debug|Any CPU
		Release|Any CPU = Release|Any CPU
	EndGlobalSection
	GlobalSection(ProjectConfigurationPlatforms) = postSolution
		{D622E092-0B61-4505-A4B7-FAB9DAA1DF78}.Debug|Any CPU.ActiveCfg = Debug|Any CPU
		{D622E092-0B61-4505-A4B7-FAB9DAA1DF78}.Debug|Any CPU.Build.0 = Debug|Any CPU
		{D622E092-0B61-4505-A4B7-FAB9DAA1DF78}.Release|Any CPU.ActiveCfg = Release|Any CPU
		{D622E092-0B61-4505-A4B7-FAB9DAA1DF78}.Release|Any CPU.Build.0 = Release|Any CPU
	EndGlobalSection
	GlobalSection(SolutionProperties) = preSolution
		HideSolutionNode = FALSE
	EndGlobalSection
	GlobalSection(ExtensibilityGlobals) = postSolution
		SolutionGuid = {04D04ADB-18DF-447A-9FB1-3C9B0ED08F0C}
	EndGlobalSection
EndGlobal
